<?xml version="1.0" encoding="utf-8"?>
<Project ToolsVersion="4.0" xmlns="http://schemas.microsoft.com/developer/msbuild/2003">
  <ItemGroup>
    <Filter Include="src">
      <UniqueIdentifier>{4FC737F1-C7A5-4376-A066-2A32D752A2FF}</UniqueIdentifier>
      <Extensions>cpp;c;cc;cxx;def;odl;idl;hpj;bat;asm;asmx</Extensions>
    </Filter>
    <Filter Include="include">
      <UniqueIdentifier>{93995380-89BD-4b04-88EB-625FBE52EBFB}</UniqueIdentifier>
      <Extensions>h;hh;hpp;hxx;hm;inl;inc;xsd</Extensions>
    </Filter>
  </ItemGroup>
  <ItemGroup>
    <ClInclude Include="..\..\..\include\lwpa_error.h">
      <Filter>include</Filter>
    </ClInclude>
    <ClInclude Include="..\..\..\include\lwpa_inet.h">
      <Filter>include</Filter>
    </ClInclude>
    <ClInclude Include="..\..\..\include\lwpa_int.h">
      <Filter>include</Filter>
    </ClInclude>
    <ClInclude Include="..\..\..\include\lwpa_log.h">
      <Filter>include</Filter>
    </ClInclude>
    <ClInclude Include="..\..\..\include\lwpa_mempool.h">
      <Filter>include</Filter>
    </ClInclude>
    <ClInclude Include="..\..\..\include\lwpa_netint.h">
      <Filter>include</Filter>
    </ClInclude>
    <ClInclude Include="..\..\..\include\lwpa_pack.h">
      <Filter>include</Filter>
    </ClInclude>
    <ClInclude Include="..\..\..\include\lwpa_pdu.h">
      <Filter>include</Filter>
    </ClInclude>
    <ClInclude Include="..\..\..\include\lwpa_rbtree.h">
      <Filter>include</Filter>
    </ClInclude>
    <ClInclude Include="..\..\..\include\lwpa_rootlayerpdu.h">
      <Filter>include</Filter>
    </ClInclude>
    <ClInclude Include="..\..\..\include\lwpa_socket.h">
      <Filter>include</Filter>
    </ClInclude>
    <ClInclude Include="..\..\..\include\lwpa_timer.h">
      <Filter>include</Filter>
    </ClInclude>
    <ClInclude Include="..\..\..\include\acn_prot.h">
      <Filter>include</Filter>
    </ClInclude>
    <ClInclude Include="..\..\..\include\lwpa_bool.h">
      <Filter>include</Filter>
    </ClInclude>
    <ClInclude Include="..\..\..\include\lwpa_cid.h">
      <Filter>include</Filter>
    </ClInclude>
    <ClInclude Include="..\..\..\include\lwpa_common.h">
      <Filter>include</Filter>
    </ClInclude>
    <ClInclude Include="..\..\..\include\windows\lwpa_socket_windows.h">
      <Filter>include</Filter>
    </ClInclude>
    <ClInclude Include="..\..\..\include\windows\lwpa_thread.h">
      <Filter>include</Filter>
    </ClInclude>
    <ClInclude Include="..\..\..\include\windows\lwpa_lock.h">
      <Filter>include</Filter>
    </ClInclude>
    <ClInclude Include="..\..\..\src\md5.h">
      <Filter>include</Filter>
    </ClInclude>
  </ItemGroup>
  <ItemGroup>
    <ClCompile Include="..\..\..\src\lwpa_cid.c">
      <Filter>src</Filter>
    </ClCompile>
    <ClCompile Include="..\..\..\src\lwpa_error.c">
      <Filter>src</Filter>
    </ClCompile>
    <ClCompile Include="..\..\..\src\lwpa_log.c">
      <Filter>src</Filter>
    </ClCompile>
    <ClCompile Include="..\..\..\src\lwpa_mempool.c">
      <Filter>src</Filter>
    </ClCompile>
    <ClCompile Include="..\..\..\src\lwpa_pdu.c">
      <Filter>src</Filter>
    </ClCompile>
    <ClCompile Include="..\..\..\src\lwpa_rbtree.c">
      <Filter>src</Filter>
    </ClCompile>
    <ClCompile Include="..\..\..\src\lwpa_rootlayerpdu.c">
      <Filter>src</Filter>
    </ClCompile>
    <ClCompile Include="..\..\..\src\md5c.c">
      <Filter>src</Filter>
    </ClCompile>
    <ClCompile Include="..\..\..\src\windows\lwpa_socket.c">
      <Filter>src</Filter>
    </ClCompile>
    <ClCompile Include="..\..\..\src\windows\lwpa_thread.c">
      <Filter>src</Filter>
    </ClCompile>
    <ClCompile Include="..\..\..\src\windows\lwpa_timer.c">
      <Filter>src</Filter>
    </ClCompile>
    <ClCompile Include="..\..\..\src\windows\lwpa_lock.c">
      <Filter>src</Filter>
    </ClCompile>
    <ClCompile Include="..\..\..\src\windows\lwpa_netint.c">
      <Filter>src</Filter>
    </ClCompile>
  </ItemGroup>
</Project>