<?xml version="1.0" encoding="utf-8"?>
<Project ToolsVersion="4.0" xmlns="http://schemas.microsoft.com/developer/msbuild/2003">
  <ItemGroup>
    <Filter Include="Source Files">
      <UniqueIdentifier>{4FC737F1-C7A5-4376-A066-2A32D752A2FF}</UniqueIdentifier>
      <Extensions>cpp;c;cc;cxx;c++;cppm;ixx;def;odl;idl;hpj;bat;asm;asmx</Extensions>
    </Filter>
    <Filter Include="Header Files">
      <UniqueIdentifier>{93995380-89BD-4b04-88EB-625FBE52EBFB}</UniqueIdentifier>
      <Extensions>h;hh;hpp;hxx;h++;hm;inl;inc;ipp;xsd</Extensions>
    </Filter>
    <Filter Include="Resource Files">
      <UniqueIdentifier>{67DA6AB6-F800-4c08-8B7A-83BB121AAD01}</UniqueIdentifier>
      <Extensions>rc;ico;cur;bmp;dlg;rc2;rct;bin;rgs;gif;jpg;jpeg;jpe;resx;tiff;tif;png;wav;mfcribbon-ms</Extensions>
    </Filter>
    <Filter Include="Source Files\etcpal">
      <UniqueIdentifier>{84d4e3af-7b50-4a87-8260-aac701d6fd7b}</UniqueIdentifier>
    </Filter>
    <Filter Include="Source Files\etcpal\Windows">
      <UniqueIdentifier>{a2867c32-cf01-4d1f-b4b5-6b46ef2f5460}</UniqueIdentifier>
    </Filter>
  </ItemGroup>
  <ItemGroup>
    <ClCompile Include="etcpal_windows_queue.cpp">
      <Filter>Source Files</Filter>
    </ClCompile>
    <ClCompile Include="..\..\tests\simple_test.cpp">
      <Filter>Source Files</Filter>
    </ClCompile>
    <ClCompile Include="..\..\..\..\..\src\os\windows\etcpal\os_queue.c">
      <Filter>Source Files\etcpal\Windows</Filter>
    </ClCompile>
    <ClCompile Include="..\..\..\..\..\src\os\windows\etcpal\os_sem.c">
      <Filter>Source Files\etcpal</Filter>
    </ClCompile>
    <ClCompile Include="..\..\tests\simple_concurrency_test.cpp">
      <Filter>Source Files</Filter>
    </ClCompile>
    <ClCompile Include="..\..\..\..\..\src\os\windows\etcpal\os_thread.c">
      <Filter>Source Files\etcpal</Filter>
    </ClCompile>
    <ClCompile Include="..\..\..\..\..\src\os\windows\etcpal\os_error.c">
      <Filter>Source Files\etcpal</Filter>
    </ClCompile>
    <ClCompile Include="..\..\tests\from_ISR_api_test.cpp">
      <Filter>Source Files</Filter>
    </ClCompile>
    <ClCompile Include="..\..\tests\leak_check_test.cpp">
      <Filter>Source Files</Filter>
    </ClCompile>
  </ItemGroup>
  <ItemGroup>
    <ClInclude Include="..\..\tests\tests.h">
      <Filter>Source Files</Filter>
    </ClInclude>
    <ClInclude Include="..\..\..\..\..\include\os\windows\etcpal\os_queue.h">
      <Filter>Source Files\etcpal\Windows</Filter>
    </ClInclude>
    <ClInclude Include="..\..\..\..\..\include\etcpal\cpp\queue.h">
      <Filter>Source Files\etcpal</Filter>
    </ClInclude>
    <ClInclude Include="..\..\tests\simple_concurrency_test.h">
      <Filter>Header Files</Filter>
    </ClInclude>
  </ItemGroup>
</Project>